
Microsoft Visual Studio Solution File, Format Version 12.00
# Visual Studio Version 17
VisualStudioVersion = 17.0.31903.59
MinimumVisualStudioVersion = 10.0.40219.1
Project("{2150E333-8FDC-42A3-9474-1A3956D46DE8}") = "src", "src", "{D382E172-408A-48D2-92D9-D66FDDEAF877}"
EndProject
Project("{FAE04EC0-301F-11D3-BF4B-00C04F79EFBC}") = "Workbench.Domain", "src\Workbench.Domain\Workbench.Domain.csproj", "{E2BC0769-491C-4EB8-ACF9-DF430422E091}"
EndProject
Project("{FAE04EC0-301F-11D3-BF4B-00C04F79EFBC}") = "Workbench.Application", "src\Workbench.Application\Workbench.Application.csproj", "{B989A56B-D99D-4047-ACB6-2F02C237B468}"
EndProject
Project("{FAE04EC0-301F-11D3-BF4B-00C04F79EFBC}") = "Workbench.Infrastructure", "src\Workbench.Infrastructure\Workbench.Infrastructure.csproj", "{5B3439E3-0FFF-4F97-BD4D-50289D713019}"
EndProject
Project("{FAE04EC0-301F-11D3-BF4B-00C04F79EFBC}") = "Workbench.Web", "src\Workbench.Web\Workbench.Web.csproj", "{B7931FD7-C2A4-4CE8-9782-FA1160CA465D}"
EndProject
Project("{2150E333-8FDC-42A3-9474-1A3956D46DE8}") = "tests", "tests", "{62F650AF-1D9A-4F2E-98B5-07977CDADB2B}"
EndProject
Project("{FAE04EC0-301F-11D3-BF4B-00C04F79EFBC}") = "Workbench.Tests", "tests\Workbench.Tests\Workbench.Tests.csproj", "{E254603B-75ED-4085-8B4F-BB58E47475B7}"
EndProject
Global
	GlobalSection(SolutionConfigurationPlatforms) = preSolution
		Debug|Any CPU = Debug|Any CPU
		Release|Any CPU = Release|Any CPU
	EndGlobalSection
	GlobalSection(SolutionProperties) = preSolution
		HideSolutionNode = FALSE
	EndGlobalSection
	GlobalSection(ProjectConfigurationPlatforms) = postSolution
		{E2BC0769-491C-4EB8-ACF9-DF430422E091}.Debug|Any CPU.ActiveCfg = Debug|Any CPU
		{E2BC0769-491C-4EB8-ACF9-DF430422E091}.Debug|Any CPU.Build.0 = Debug|Any CPU
		{E2BC0769-491C-4EB8-ACF9-DF430422E091}.Release|Any CPU.ActiveCfg = Release|Any CPU
		{E2BC0769-491C-4EB8-ACF9-DF430422E091}.Release|Any CPU.Build.0 = Release|Any CPU
		{B989A56B-D99D-4047-ACB6-2F02C237B468}.Debug|Any CPU.ActiveCfg = Debug|Any CPU
		{B989A56B-D99D-4047-ACB6-2F02C237B468}.Debug|Any CPU.Build.0 = Debug|Any CPU
		{B989A56B-D99D-4047-ACB6-2F02C237B468}.Release|Any CPU.ActiveCfg = Release|Any CPU
		{B989A56B-D99D-4047-ACB6-2F02C237B468}.Release|Any CPU.Build.0 = Release|Any CPU
		{5B3439E3-0FFF-4F97-BD4D-50289D713019}.Debug|Any CPU.ActiveCfg = Debug|Any CPU
		{5B3439E3-0FFF-4F97-BD4D-50289D713019}.Debug|Any CPU.Build.0 = Debug|Any CPU
		{5B3439E3-0FFF-4F97-BD4D-50289D713019}.Release|Any CPU.ActiveCfg = Release|Any CPU
		{5B3439E3-0FFF-4F97-BD4D-50289D713019}.Release|Any CPU.Build.0 = Release|Any CPU
		{B7931FD7-C2A4-4CE8-9782-FA1160CA465D}.Debug|Any CPU.ActiveCfg = Debug|Any CPU
		{B7931FD7-C2A4-4CE8-9782-FA1160CA465D}.Debug|Any CPU.Build.0 = Debug|Any CPU
		{B7931FD7-C2A4-4CE8-9782-FA1160CA465D}.Release|Any CPU.ActiveCfg = Release|Any CPU
		{B7931FD7-C2A4-4CE8-9782-FA1160CA465D}.Release|Any CPU.Build.0 = Release|Any CPU
		{E254603B-75ED-4085-8B4F-BB58E47475B7}.Debug|Any CPU.ActiveCfg = Debug|Any CPU
		{E254603B-75ED-4085-8B4F-BB58E47475B7}.Debug|Any CPU.Build.0 = Debug|Any CPU
		{E254603B-75ED-4085-8B4F-BB58E47475B7}.Release|Any CPU.ActiveCfg = Release|Any CPU
		{E254603B-75ED-4085-8B4F-BB58E47475B7}.Release|Any CPU.Build.0 = Release|Any CPU
	EndGlobalSection
	GlobalSection(NestedProjects) = preSolution
		{E2BC0769-491C-4EB8-ACF9-DF430422E091} = {D382E172-408A-48D2-92D9-D66FDDEAF877}
		{B989A56B-D99D-4047-ACB6-2F02C237B468} = {D382E172-408A-48D2-92D9-D66FDDEAF877}
		{5B3439E3-0FFF-4F97-BD4D-50289D713019} = {D382E172-408A-48D2-92D9-D66FDDEAF877}
		{B7931FD7-C2A4-4CE8-9782-FA1160CA465D} = {D382E172-408A-48D2-92D9-D66FDDEAF877}
		{E254603B-75ED-4085-8B4F-BB58E47475B7} = {62F650AF-1D9A-4F2E-98B5-07977CDADB2B}
	EndGlobalSection
EndGlobal
